
Microsoft Visual Studio Solution File, Format Version 12.00
# Visual Studio Version 16
VisualStudioVersion = 16.0.30907.101
MinimumVisualStudioVersion = 10.0.40219.1
Project("{FAE04EC0-301F-11D3-BF4B-00C04F79EFBC}") = "CSharpParty", "CSharpParty\CSharpParty.csproj", "{168D85C0-A520-4B6E-9392-43B16CDACD9B}"
EndProject
Project("{FAE04EC0-301F-11D3-BF4B-00C04F79EFBC}") = "Effects", "Effects\Effects.csproj", "{64D50DDF-B2BC-40F6-83AA-1A01CCBB2183}"
EndProject
Global
	GlobalSection(SolutionConfigurationPlatforms) = preSolution
		Debug|Any CPU = Debug|Any CPU
		Release|Any CPU = Release|Any CPU
	EndGlobalSection
	GlobalSection(ProjectConfigurationPlatforms) = postSolution
		{168D85C0-A520-4B6E-9392-43B16CDACD9B}.Debug|Any CPU.ActiveCfg = Debug|Any CPU
		{168D85C0-A520-4B6E-9392-43B16CDACD9B}.Debug|Any CPU.Build.0 = Debug|Any CPU
		{168D85C0-A520-4B6E-9392-43B16CDACD9B}.Release|Any CPU.ActiveCfg = Release|Any CPU
		{168D85C0-A520-4B6E-9392-43B16CDACD9B}.Release|Any CPU.Build.0 = Release|Any CPU
		{64D50DDF-B2BC-40F6-83AA-1A01CCBB2183}.Debug|Any CPU.ActiveCfg = Debug|Any CPU
		{64D50DDF-B2BC-40F6-83AA-1A01CCBB2183}.Debug|Any CPU.Build.0 = Debug|Any CPU
		{64D50DDF-B2BC-40F6-83AA-1A01CCBB2183}.Release|Any CPU.ActiveCfg = Release|Any CPU
		{64D50DDF-B2BC-40F6-83AA-1A01CCBB2183}.Release|Any CPU.Build.0 = Release|Any CPU
	EndGlobalSection
	GlobalSection(SolutionProperties) = preSolution
		HideSolutionNode = FALSE
	EndGlobalSection
	GlobalSection(ExtensibilityGlobals) = postSolution
		SolutionGuid = {4D6E860E-A4DB-4DA0-8681-8B8B636BB0A0}
	EndGlobalSection
EndGlobal
